{
  "name": "fixture",
  "version": "1.0.0",
  "lockfileVersion": 3,
  "packages": {
    "": { "name": "fixture", "version": "1.0.0", "dependencies": { "a": "1.0.0" } },
    "node_modules/a": { "version": "1.0.0", "license": "MIT", "integrity": "sha512-AAAA" },
    "node_modules/@s/b": { "version": "2.0.0", "license": "(MIT OR CC0-1.0)", "dev": true },
    "node_modules/a/node_modules/c": { "version": "0.1.0", "license": "ISC" }
  }
}
